
Microsoft Visual Studio Solution File, Format Version 12.00
# Visual Studio Version 16
VisualStudioVersion = 16.0.33130.400
MinimumVisualStudioVersion = 10.0.40219.1
Project("{FAE04EC0-301F-11D3-BF4B-00C04F79EFBC}") = "Customers", "Customers\Customers.csproj", "{9D63901F-C3D1-43CD-85E7-19F430ABA792}"
EndProject
Global
	GlobalSection(SolutionConfigurationPlatforms) = preSolution
		Debug|Any CPU = Debug|Any CPU
		EasyTest|Any CPU = EasyTest|Any CPU
		Release|Any CPU = Release|Any CPU
	EndGlobalSection
	GlobalSection(ProjectConfigurationPlatforms) = postSolution
		{9D63901F-C3D1-43CD-85E7-19F430ABA792}.Debug|Any CPU.ActiveCfg = Debug|Any CPU
		{9D63901F-C3D1-43CD-85E7-19F430ABA792}.Debug|Any CPU.Build.0 = Debug|Any CPU
		{9D63901F-C3D1-43CD-85E7-19F430ABA792}.EasyTest|Any CPU.ActiveCfg = EasyTest|Any CPU
		{9D63901F-C3D1-43CD-85E7-19F430ABA792}.EasyTest|Any CPU.Build.0 = EasyTest|Any CPU
		{9D63901F-C3D1-43CD-85E7-19F430ABA792}.Release|Any CPU.ActiveCfg = Release|Any CPU
		{9D63901F-C3D1-43CD-85E7-19F430ABA792}.Release|Any CPU.Build.0 = Release|Any CPU
	EndGlobalSection
	GlobalSection(SolutionProperties) = preSolution
		HideSolutionNode = FALSE
	EndGlobalSection
	GlobalSection(ExtensibilityGlobals) = postSolution
		SolutionGuid = {BFC72CB9-4F9A-491C-BC0A-123F365B162A}
	EndGlobalSection
EndGlobal
